
Microsoft Visual Studio Solution File, Format Version 12.00
# Visual Studio Version 16
VisualStudioVersion = 16.0.30128.74
MinimumVisualStudioVersion = 10.0.40219.1
Project("{FAE04EC0-301F-11D3-BF4B-00C04F79EFBC}") = "StructLayout", "StructLayout.csproj", "{FE2E2025-83C2-42F6-9132-2E5B83BA638F}"
EndProject
Global
	GlobalSection(SolutionConfigurationPlatforms) = preSolution
		Debug|Any CPU = Debug|Any CPU
		Release|Any CPU = Release|Any CPU
	EndGlobalSection
	GlobalSection(ProjectConfigurationPlatforms) = postSolution
		{FE2E2025-83C2-42F6-9132-2E5B83BA638F}.Debug|Any CPU.ActiveCfg = Debug|Any CPU
		{FE2E2025-83C2-42F6-9132-2E5B83BA638F}.Debug|Any CPU.Build.0 = Debug|Any CPU
		{FE2E2025-83C2-42F6-9132-2E5B83BA638F}.Release|Any CPU.ActiveCfg = Release|Any CPU
		{FE2E2025-83C2-42F6-9132-2E5B83BA638F}.Release|Any CPU.Build.0 = Release|Any CPU
	EndGlobalSection
	GlobalSection(SolutionProperties) = preSolution
		HideSolutionNode = FALSE
	EndGlobalSection
	GlobalSection(ExtensibilityGlobals) = postSolution
		SolutionGuid = {C9C60607-EBED-4016-8AAD-2EB031940351}
	EndGlobalSection
EndGlobal
